
Microsoft Visual Studio Solution File, Format Version 12.00
# Visual Studio 14
VisualStudioVersion = 14.0.24720.0
MinimumVisualStudioVersion = 10.0.40219.1
Project("{FAE04EC0-301F-11D3-BF4B-00C04F79EFBC}") = "StrekMayor", "StrekMayor\StrekMayor.csproj", "{BF3D21E5-E027-4721-B350-39D803866B36}"
EndProject
Global
	GlobalSection(SolutionConfigurationPlatforms) = preSolution
		Debug|Any CPU = Debug|Any CPU
		Release|Any CPU = Release|Any CPU
	EndGlobalSection
	GlobalSection(ProjectConfigurationPlatforms) = postSolution
		{BF3D21E5-E027-4721-B350-39D803866B36}.Debug|Any CPU.ActiveCfg = Debug|Any CPU
		{BF3D21E5-E027-4721-B350-39D803866B36}.Debug|Any CPU.Build.0 = Debug|Any CPU
		{BF3D21E5-E027-4721-B350-39D803866B36}.Release|Any CPU.ActiveCfg = Release|Any CPU
		{BF3D21E5-E027-4721-B350-39D803866B36}.Release|Any CPU.Build.0 = Release|Any CPU
	EndGlobalSection
	GlobalSection(SolutionProperties) = preSolution
		HideSolutionNode = FALSE
	EndGlobalSection
EndGlobal
